
Microsoft Visual Studio Solution File, Format Version 12.00
# Visual Studio Version 16
VisualStudioVersion = 16.0.29920.165
MinimumVisualStudioVersion = 10.0.40219.1
Project("{9A19103F-16F7-4668-BE54-9A1E7A4F7556}") = "AlgorithmsAndOtherImplementationsTest", "AlgorithmsAndOtherImplementationsTest\AlgorithmsAndOtherImplementationsTest.csproj", "{BA95587D-38EB-4B9E-8DAB-73707DB0FE10}"
EndProject
Project("{9A19103F-16F7-4668-BE54-9A1E7A4F7556}") = "AlgorithmsAndOtherImplementations", "AlgorithmsAndOtherImplementations\AlgorithmsAndOtherImplementations.csproj", "{AC07FC74-3F3B-4228-A1C7-98F396A73026}"
EndProject
Global
	GlobalSection(SolutionConfigurationPlatforms) = preSolution
		Debug|Any CPU = Debug|Any CPU
		Release|Any CPU = Release|Any CPU
	EndGlobalSection
	GlobalSection(ProjectConfigurationPlatforms) = postSolution
		{BA95587D-38EB-4B9E-8DAB-73707DB0FE10}.Debug|Any CPU.ActiveCfg = Debug|Any CPU
		{BA95587D-38EB-4B9E-8DAB-73707DB0FE10}.Debug|Any CPU.Build.0 = Debug|Any CPU
		{BA95587D-38EB-4B9E-8DAB-73707DB0FE10}.Release|Any CPU.ActiveCfg = Release|Any CPU
		{BA95587D-38EB-4B9E-8DAB-73707DB0FE10}.Release|Any CPU.Build.0 = Release|Any CPU
		{AC07FC74-3F3B-4228-A1C7-98F396A73026}.Debug|Any CPU.ActiveCfg = Debug|Any CPU
		{AC07FC74-3F3B-4228-A1C7-98F396A73026}.Debug|Any CPU.Build.0 = Debug|Any CPU
		{AC07FC74-3F3B-4228-A1C7-98F396A73026}.Release|Any CPU.ActiveCfg = Release|Any CPU
		{AC07FC74-3F3B-4228-A1C7-98F396A73026}.Release|Any CPU.Build.0 = Release|Any CPU
	EndGlobalSection
	GlobalSection(SolutionProperties) = preSolution
		HideSolutionNode = FALSE
	EndGlobalSection
	GlobalSection(ExtensibilityGlobals) = postSolution
		SolutionGuid = {CF1DC9E0-82F0-45A9-9A98-C5A4A5F7C111}
	EndGlobalSection
EndGlobal
